
Microsoft Visual Studio Solution File, Format Version 12.00
# Visual Studio Version 17
VisualStudioVersion = 17.7.34031.279
MinimumVisualStudioVersion = 10.0.40219.1
Project("{FAE04EC0-301F-11D3-BF4B-00C04F79EFBC}") = "pr6", "pr6\pr6.csproj", "{9432E09D-25D8-44C8-9E88-554B9C68FFFB}"
EndProject
Global
	GlobalSection(SolutionConfigurationPlatforms) = preSolution
		Debug|Any CPU = Debug|Any CPU
		Release|Any CPU = Release|Any CPU
	EndGlobalSection
	GlobalSection(ProjectConfigurationPlatforms) = postSolution
		{9432E09D-25D8-44C8-9E88-554B9C68FFFB}.Debug|Any CPU.ActiveCfg = Debug|Any CPU
		{9432E09D-25D8-44C8-9E88-554B9C68FFFB}.Debug|Any CPU.Build.0 = Debug|Any CPU
		{9432E09D-25D8-44C8-9E88-554B9C68FFFB}.Release|Any CPU.ActiveCfg = Release|Any CPU
		{9432E09D-25D8-44C8-9E88-554B9C68FFFB}.Release|Any CPU.Build.0 = Release|Any CPU
	EndGlobalSection
	GlobalSection(SolutionProperties) = preSolution
		HideSolutionNode = FALSE
	EndGlobalSection
	GlobalSection(ExtensibilityGlobals) = postSolution
		SolutionGuid = {2CFA5428-E905-4FC5-9DD7-36C020EAC677}
	EndGlobalSection
EndGlobal
